<Solution>
  <Folder Name="/aep/">
    <Project Path="aep/src/Agentstration.Aep.Abstractions/Agentstration.Aep.Abstractions.csproj" />
    <Project Path="aep/src/Agentstration.Aep.AspNetCore/Agentstration.Aep.AspNetCore.csproj" />
    <Project Path="aep/src/Agentstration.Aep.Client/Agentstration.Aep.Client.csproj" />
    <Project Path="aep/src/Agentstration.Aep.MicrosoftExtensionsAI/Agentstration.Aep.MicrosoftExtensionsAI.csproj" />
  </Folder>
  <Folder Name="/src/Agents/">
    <Project Path="src/Agentstration.Agents.Api/Agentstration.Agents.Api.csproj" />
    <Project Path="src/Agentstration.Agents.Contracts/Agentstration.Agents.Contracts.csproj" />
    <Project Path="src/Agentstration.Agents/Agentstration.Agents.csproj" />
  </Folder>
  <Folder Name="/src/Bootstrap/">
    <Project Path="src/Agentstration.Bootstrap.Contracts/Agentstration.Bootstrap.Contracts.csproj" />
    <Project Path="src/Agentstration.Bootstrap.Api/Agentstration.Bootstrap.Api.csproj" />
  </Folder>
  <Folder Name="/src/Composition/">
    <Project Path="src/Agentstration.Api.Contracts/Agentstration.Api.Contracts.csproj" />
    <Project Path="src/Agentstration.Api/Agentstration.Api.csproj" />
    <Project Path="src/Agentstration.AppHost/Agentstration.AppHost.csproj" />
    <Project Path="src/Agentstration.Application/Agentstration.Application.csproj" />
    <Project Path="src/Agentstration.Infrastructure/Agentstration.Infrastructure.csproj" />
    <Project Path="src/Agentstration.Web/Agentstration.Web.csproj" />
  </Folder>
  <Folder Name="/src/Console/">
    <Project Path="src/Agentstration.Console.Client/Agentstration.Console.Client.csproj" />
    <Project Path="src/Agentstration.Console.Components/Agentstration.Console.Components.csproj" />
    <Project Path="src/Agentstration.Console.Web/Agentstration.Console.Web.csproj" />
    <Project Path="src/Agentstration.Web.Components/Agentstration.Web.Components.csproj" />
    <Project Path="src/Agentstration.Web.FlowDesigner/Agentstration.Web.FlowDesigner.csproj" />
  </Folder>
  <Folder Name="/src/Extensions/">
    <Project Path="src/Agentstration.Extensions/Agentstration.Extensions.csproj" />
    <Project Path="src/Agentstration.Extensions.Api/Agentstration.Extensions.Api.csproj" />
    <Project Path="src/Agentstration.Extensions.Contracts/Agentstration.Extensions.Contracts.csproj" />
    <Project Path="src/Agentstration.Extensions.Aep/Agentstration.Extensions.Aep.csproj" />
    <Project Path="src/Agentstration.Extensions.Ollama/Agentstration.Extensions.Ollama.csproj" />
    <Project Path="src/Agentstration.Extensions.LlamaCpp/Agentstration.Extensions.LlamaCpp.csproj" />
    <Project Path="src/Agentstration.Extensions.LocalAI/Agentstration.Extensions.LocalAI.csproj" />
    <Project Path="src/Agentstration.Extensions.Foundry/Agentstration.Extensions.Foundry.csproj" />
    <Project Path="src/Agentstration.Extensions.Git/Agentstration.Extensions.Git.csproj" />
    <Project Path="src/Agentstration.Extensions.Utilities/Agentstration.Extensions.Utilities.csproj" />
  </Folder>
  <Folder Name="/src/Flows/">
    <Project Path="src/Agentstration.Flows/Agentstration.Flows.csproj" />
    <Project Path="src/Agentstration.Flows.Api/Agentstration.Flows.Api.csproj" />
    <Project Path="src/Agentstration.Flows.Application/Agentstration.Flows.Application.csproj" />
    <Project Path="src/Agentstration.Flows.Contracts/Agentstration.Flows.Contracts.csproj" />
    <Project Path="src/Agentstration.Flows.Storage.Abstractions/Agentstration.Flows.Storage.Abstractions.csproj" />
    <Project Path="src/Agentstration.Flows.Storage.Sqlite/Agentstration.Flows.Storage.Sqlite.csproj" />
    <Project Path="src/Agentstration.Flows.Storage.PostgreSql/Agentstration.Flows.Storage.PostgreSql.csproj" />
  </Folder>
  <Folder Name="/src/Identity/">
    <Project Path="src/Agentstration.Identity/Agentstration.Identity.csproj" />
    <Project Path="src/Agentstration.Identity.Api/Agentstration.Identity.Api.csproj" />
    <Project Path="src/Agentstration.Identity.Contracts/Agentstration.Identity.Contracts.csproj" />
    <Project Path="src/Agentstration.Security.AspNetCoreIdentity/Agentstration.Security.AspNetCoreIdentity.csproj" />
    <Project Path="src/Agentstration.Security.AspNetCoreIdentity.PostgreSql/Agentstration.Security.AspNetCoreIdentity.PostgreSql.csproj" />
    <Project Path="src/Agentstration.Security.Contracts/Agentstration.Security.Contracts.csproj" />
  </Folder>
  <Folder Name="/src/Models/">
    <Project Path="src/Agentstration.ModelProviders/Agentstration.ModelProviders.csproj" />
    <Project Path="src/Agentstration.Models/Agentstration.Models.csproj" />
    <Project Path="src/Agentstration.Models.Api/Agentstration.Models.Api.csproj" />
    <Project Path="src/Agentstration.Models.Contracts/Agentstration.Models.Contracts.csproj" />
    <Project Path="src/Agentstration.Models.Application/Agentstration.Models.Application.csproj" />
  </Folder>
  <Folder Name="/src/Packs/">
    <Project Path="src/Agentstration.Packs/Agentstration.Packs.csproj" />
    <Project Path="src/Agentstration.Packs.Api/Agentstration.Packs.Api.csproj" />
    <Project Path="src/Agentstration.Packs.Contracts/Agentstration.Packs.Contracts.csproj" />
  </Folder>
  <Folder Name="/src/Parameters/">
    <Project Path="src/Agentstration.Parameters/Agentstration.Parameters.csproj" />
    <Project Path="src/Agentstration.Parameters.Api/Agentstration.Parameters.Api.csproj" />
    <Project Path="src/Agentstration.Parameters.Contracts/Agentstration.Parameters.Contracts.csproj" />
  </Folder>
  <Folder Name="/src/Resources/">
    <Project Path="src/Agentstration.Resources/Agentstration.Resources.csproj" />
    <Project Path="src/Agentstration.Resources.Api/Agentstration.Resources.Api.csproj" />
    <Project Path="src/Agentstration.ResourceManagement/Agentstration.ResourceManagement.csproj" />
    <Project Path="src/Agentstration.ResourceManagement.Contracts/Agentstration.ResourceManagement.Contracts.csproj" />
    <Project Path="src/Agentstration.ResourceManagement.Storage.Sqlite/Agentstration.ResourceManagement.Storage.Sqlite.csproj" />
    <Project Path="src/Agentstration.ResourceManagement.Storage.PostgreSql/Agentstration.ResourceManagement.Storage.PostgreSql.csproj" />
  </Folder>
  <Folder Name="/src/ResourcePlanning/">
    <Project Path="src/Agentstration.ResourcePlanning.Api/Agentstration.ResourcePlanning.Api.csproj" />
    <Project Path="src/Agentstration.ResourcePlanning.Contracts/Agentstration.ResourcePlanning.Contracts.csproj" />
    <Project Path="src/Agentstration.ResourcePlanning/Agentstration.ResourcePlanning.csproj" />
    <Project Path="src/Agentstration.ResourcePlanning.Storage.Abstractions/Agentstration.ResourcePlanning.Storage.Abstractions.csproj" />
    <Project Path="src/Agentstration.ResourcePlanning.Storage.Sqlite/Agentstration.ResourcePlanning.Storage.Sqlite.csproj" />
    <Project Path="src/Agentstration.ResourcePlanning.Storage.PostgreSql/Agentstration.ResourcePlanning.Storage.PostgreSql.csproj" />
  </Folder>
  <Folder Name="/src/Runtime/">
    <Project Path="src/Agentstration.Runtime.Abstractions/Agentstration.Runtime.Abstractions.csproj" />
    <Project Path="src/Agentstration.Runtime.Api/Agentstration.Runtime.Api.csproj" />
    <Project Path="src/Agentstration.Runtime.AgentFramework/Agentstration.Runtime.AgentFramework.csproj" />
    <Project Path="src/Agentstration.Runtime.Contracts/Agentstration.Runtime.Contracts.csproj" />
    <Project Path="src/Agentstration.Runtime.Core/Agentstration.Runtime.Core.csproj" />
    <Project Path="src/Agentstration.Runtime.Profiles/Agentstration.Runtime.Profiles.csproj" />
    <Project Path="src/Agentstration.Runtime.Local/Agentstration.Runtime.Local.csproj" />
    <Project Path="src/Agentstration.Runtime.Storage.Sqlite/Agentstration.Runtime.Storage.Sqlite.csproj" />
    <Project Path="src/Agentstration.Runtime.Storage.PostgreSql/Agentstration.Runtime.Storage.PostgreSql.csproj" />
  </Folder>
  <Folder Name="/src/Secrets/">
    <Project Path="src/Agentstration.Secrets.Abstractions/Agentstration.Secrets.Abstractions.csproj" />
    <Project Path="src/Agentstration.Secrets/Agentstration.Secrets.csproj" />
    <Project Path="src/Agentstration.Secrets.Api/Agentstration.Secrets.Api.csproj" />
    <Project Path="src/Agentstration.Secrets.Local/Agentstration.Secrets.Local.csproj" />
    <Project Path="src/Agentstration.Secrets.Contracts/Agentstration.Secrets.Contracts.csproj" />
  </Folder>
  <Folder Name="/src/Sources/">
    <Project Path="src/Agentstration.Sources/Agentstration.Sources.csproj" />
    <Project Path="src/Agentstration.Sources.Api/Agentstration.Sources.Api.csproj" />
    <Project Path="src/Agentstration.Sources.Contracts/Agentstration.Sources.Contracts.csproj" />
  </Folder>
  <Folder Name="/src/Tools/">
    <Project Path="src/Agentstration.Tools.Mcp/Agentstration.Tools.Mcp.csproj" />
    <Project Path="src/Agentstration.Tools/Agentstration.Tools.csproj" />
    <Project Path="src/Agentstration.Tools.Api/Agentstration.Tools.Api.csproj" />
    <Project Path="src/Agentstration.Tools.Contracts/Agentstration.Tools.Contracts.csproj" />
    <Project Path="src/Agentstration.Tools.SourceRegistry/Agentstration.Tools.SourceRegistry.csproj" />
  </Folder>
  <Folder Name="/src/Triggers/">
    <Project Path="src/Agentstration.Triggers/Agentstration.Triggers.csproj" />
    <Project Path="src/Agentstration.Triggers.Api/Agentstration.Triggers.Api.csproj" />
    <Project Path="src/Agentstration.Triggers.Contracts/Agentstration.Triggers.Contracts.csproj" />
  </Folder>
  <Folder Name="/src/Work/">
    <Project Path="src/Agentstration.Work/Agentstration.Work.csproj" />
    <Project Path="src/Agentstration.Work.Api/Agentstration.Work.Api.csproj" />
    <Project Path="src/Agentstration.Work.Contracts/Agentstration.Work.Contracts.csproj" />
    <Project Path="src/Agentstration.Work.Storage.Abstractions/Agentstration.Work.Storage.Abstractions.csproj" />
    <Project Path="src/Agentstration.Work.Storage.Sqlite/Agentstration.Work.Storage.Sqlite.csproj" />
    <Project Path="src/Agentstration.Work.Storage.PostgreSql/Agentstration.Work.Storage.PostgreSql.csproj" />
  </Folder>
  <Folder Name="/src/Workplace/">
    <Project Path="src/Agentstration.Workplace.Client/Agentstration.Workplace.Client.csproj" />
    <Project Path="src/Agentstration.Workplace.Components/Agentstration.Workplace.Components.csproj" />
    <Project Path="src/Agentstration.Workplace.Api/Agentstration.Workplace.Api.csproj" />
    <Project Path="src/Agentstration.Workplace.Web/Agentstration.Workplace.Web.csproj" />
  </Folder>
  <Folder Name="/tests/Api/">
    <Project Path="tests/Agentstration.Api.Tests/Agentstration.Api.Tests.csproj" />
  </Folder>
  <Folder Name="/tests/Application/">
    <Project Path="tests/Agentstration.Application.Tests/Agentstration.Application.Tests.csproj" />
  </Folder>
  <Folder Name="/tests/Architecture/">
    <Project Path="tests/Agentstration.ArchitectureTests/Agentstration.ArchitectureTests.csproj" />
    <Project Path="tests/Agentstration.Performance.Tests/Agentstration.Performance.Tests.csproj" />
  </Folder>
  <Folder Name="/tests/Console/">
    <Project Path="tests/Agentstration.Console.Client.Tests/Agentstration.Console.Client.Tests.csproj" />
    <Project Path="tests/Agentstration.Console.Components.Tests/Agentstration.Console.Components.Tests.csproj" />
    <Project Path="tests/Agentstration.Console.Web.Tests/Agentstration.Console.Web.Tests.csproj" />
  </Folder>
  <Folder Name="/tests/Extensions/">
    <Project Path="tests/Agentstration.Management.Aep.Tests/Agentstration.Management.Aep.Tests.csproj" />
    <Project Path="tests/Agentstration.SourceProviders.Git.Tests/Agentstration.SourceProviders.Git.Tests.csproj" />
  </Folder>
  <Folder Name="/tests/Models/">
    <Project Path="tests/Agentstration.Models.Tests/Agentstration.Models.Tests.csproj" />
    <Project Path="tests/Agentstration.ModelProviders.Tests/Agentstration.ModelProviders.Tests.csproj" />
  </Folder>
  <Folder Name="/tests/Resources/">
    <Project Path="tests/Agentstration.ResourcePlanning.Tests/Agentstration.ResourcePlanning.Tests.csproj" />
    <Project Path="tests/Agentstration.Management.Storage.Tests/Agentstration.Management.Storage.Tests.csproj" />
    <Project Path="tests/Agentstration.Management.Sources.Tests/Agentstration.Management.Sources.Tests.csproj" />
    <Project Path="tests/Agentstration.Management.Api.Tests/Agentstration.Management.Api.Tests.csproj" />
    <Project Path="tests/Agentstration.Management.Bootstrap.Tests/Agentstration.Management.Bootstrap.Tests.csproj" />
    <Project Path="tests/Agentstration.Management.Security.Tests/Agentstration.Management.Security.Tests.csproj" />
  </Folder>
  <Folder Name="/tests/Runtime/">
    <Project Path="tests/Agentstration.Runtime.Tests/Agentstration.Runtime.Tests.csproj" />
  </Folder>
  <Folder Name="/tests/Tools/">
    <Project Path="tests/Agentstration.Tools.Tests/Agentstration.Tools.Tests.csproj" />
    <Project Path="tests/Agentstration.Tools.SourceRegistry.Tests/Agentstration.Tools.SourceRegistry.Tests.csproj" />
  </Folder>
  <Folder Name="/tests/Web/">
    <Project Path="tests/Agentstration.Web.Tests/Agentstration.Web.Tests.csproj" />
    <Project Path="tests/Agentstration.Web.Components.Tests/Agentstration.Web.Components.Tests.csproj" />
    <Project Path="tests/Agentstration.Web.FlowDesigner.Tests/Agentstration.Web.FlowDesigner.Tests.csproj" />
  </Folder>
  <Folder Name="/tests/Workplace/">
    <Project Path="tests/Agentstration.Workplace.Components.Tests/Agentstration.Workplace.Components.Tests.csproj" />
    <Project Path="tests/Agentstration.Workplace.Web.Tests/Agentstration.Workplace.Web.Tests.csproj" />
  </Folder>
</Solution>
