<Solution>
  <Folder Name="/tests/integration/">
    <Project Path="tests/Agentstration.Application.Tests/Agentstration.Application.Tests.csproj" />
    <Project Path="tests/Agentstration.Management.Storage.Tests/Agentstration.Management.Storage.Tests.csproj" />
    <Project Path="tests/Agentstration.Management.Sources.Tests/Agentstration.Management.Sources.Tests.csproj" />
    <Project Path="tests/Agentstration.Management.Api.Tests/Agentstration.Management.Api.Tests.csproj" />
    <Project Path="tests/Agentstration.Management.Bootstrap.Tests/Agentstration.Management.Bootstrap.Tests.csproj" />
    <Project Path="tests/Agentstration.Management.Security.Tests/Agentstration.Management.Security.Tests.csproj" />
    <Project Path="tests/Agentstration.Management.Aep.Tests/Agentstration.Management.Aep.Tests.csproj" />
    <Project Path="tests/Agentstration.ModelProviders.Tests/Agentstration.ModelProviders.Tests.csproj" />
    <Project Path="tests/Agentstration.Runtime.Tests/Agentstration.Runtime.Tests.csproj" />
    <Project Path="tests/Agentstration.SourceProviders.Git.Tests/Agentstration.SourceProviders.Git.Tests.csproj" />
    <Project Path="tests/Agentstration.Web.Tests/Agentstration.Web.Tests.csproj" />
    <Project Path="tests/Agentstration.Work.Api.Tests/Agentstration.Work.Api.Tests.csproj" />
    <Project Path="tests/Agentstration.Workplace.Web.Tests/Agentstration.Workplace.Web.Tests.csproj" />
  </Folder>
</Solution>
